// !$*UTF8*$!
{
	archiveVersion = 1;
	classes = {
	};
	objectVersion = 46;
	objects = {

/* Begin PBXBuildFile section */
		07753F6F1DA8368E00111D52 /* AppDelegate.swift in Sources */ = {isa = PBXBuildFile; fileRef = 07753F6E1DA8368E00111D52 /* AppDelegate.swift */; };
		07753F741DA8368E00111D52 /* Main.storyboard in Resources */ = {isa = PBXBuildFile; fileRef = 07753F721DA8368E00111D52 /* Main.storyboard */; };
		07753F761DA8368E00111D52 /* Assets.xcassets in Resources */ = {isa = PBXBuildFile; fileRef = 07753F751DA8368E00111D52 /* Assets.xcassets */; };
		07753F791DA8368E00111D52 /* LaunchScreen.storyboard in Resources */ = {isa = PBXBuildFile; fileRef = 07753F771DA8368E00111D52 /* LaunchScreen.storyboard */; };
		07753F811DA836CC00111D52 /* GoogleService-Info.plist in Resources */ = {isa = PBXBuildFile; fileRef = 07753F801DA836CC00111D52 /* GoogleService-Info.plist */; };
		07AD5C991DA890DA00C9A12C /* LoginViewController.swift in Sources */ = {isa = PBXBuildFile; fileRef = 07AD5C981DA890DA00C9A12C /* LoginViewController.swift */; };
		07B617211DAC856E00A5398E /* ProfileViewController.swift in Sources */ = {isa = PBXBuildFile; fileRef = 07B617201DAC856E00A5398E /* ProfileViewController.swift */; };
		07B617231DAC8D1300A5398E /* SnapCell.swift in Sources */ = {isa = PBXBuildFile; fileRef = 07B617221DAC8D1300A5398E /* SnapCell.swift */; };
		07B617251DAC956A00A5398E /* NewSnapViewController.swift in Sources */ = {isa = PBXBuildFile; fileRef = 07B617241DAC956A00A5398E /* NewSnapViewController.swift */; };
		07C13A061DA9EC6900EB1851 /* Constants.swift in Sources */ = {isa = PBXBuildFile; fileRef = 07C13A051DA9EC6900EB1851 /* Constants.swift */; };
		07C13A081DA9ECFF00EB1851 /* MainViewController.swift in Sources */ = {isa = PBXBuildFile; fileRef = 07C13A071DA9ECFF00EB1851 /* MainViewController.swift */; };
		07ECA80E1DAFEE5D00FF8EE5 /* AddSnapViewController.swift in Sources */ = {isa = PBXBuildFile; fileRef = 07ECA80D1DAFEE5D00FF8EE5 /* AddSnapViewController.swift */; };
		07FACC941DAEE62F00A43557 /* Snap.swift in Sources */ = {isa = PBXBuildFile; fileRef = 07FACC931DAEE62F00A43557 /* Snap.swift */; };
		563027488576E975D64AFE80 /* Pods_SnapperKeeper.framework in Frameworks */ = {isa = PBXBuildFile; fileRef = 3B9D775B3FC2D342FFB7E59E /* Pods_SnapperKeeper.framework */; };
/* End PBXBuildFile section */

/* Begin PBXFileReference section */
		07753F6B1DA8368E00111D52 /* SnapperKeeper.app */ = {isa = PBXFileReference; explicitFileType = wrapper.application; includeInIndex = 0; path = SnapperKeeper.app; sourceTree = BUILT_PRODUCTS_DIR; };
		07753F6E1DA8368E00111D52 /* AppDelegate.swift */ = {isa = PBXFileReference; lastKnownFileType = sourcecode.swift; path = AppDelegate.swift; sourceTree = "<group>"; };
		07753F731DA8368E00111D52 /* Base */ = {isa = PBXFileReference; lastKnownFileType = file.storyboard; name = Base; path = Base.lproj/Main.storyboard; sourceTree = "<group>"; };
		07753F751DA8368E00111D52 /* Assets.xcassets */ = {isa = PBXFileReference; lastKnownFileType = folder.assetcatalog; path = Assets.xcassets; sourceTree = "<group>"; };
		07753F781DA8368E00111D52 /* Base */ = {isa = PBXFileReference; lastKnownFileType = file.storyboard; name = Base; path = Base.lproj/LaunchScreen.storyboard; sourceTree = "<group>"; };
		07753F7A1DA8368E00111D52 /* Info.plist */ = {isa = PBXFileReference; lastKnownFileType = text.plist.xml; path = Info.plist; sourceTree = "<group>"; };
		07753F801DA836CC00111D52 /* GoogleService-Info.plist */ = {isa = PBXFileReference; fileEncoding = 4; lastKnownFileType = text.plist.xml; path = "GoogleService-Info.plist"; sourceTree = "<group>"; };
		07AD5C981DA890DA00C9A12C /* LoginViewController.swift */ = {isa = PBXFileReference; fileEncoding = 4; lastKnownFileType = sourcecode.swift; path = LoginViewController.swift; sourceTree = "<group>"; };
		07B617201DAC856E00A5398E /* ProfileViewController.swift */ = {isa = PBXFileReference; fileEncoding = 4; lastKnownFileType = sourcecode.swift; path = ProfileViewController.swift; sourceTree = "<group>"; };
		07B617221DAC8D1300A5398E /* SnapCell.swift */ = {isa = PBXFileReference; fileEncoding = 4; lastKnownFileType = sourcecode.swift; path = SnapCell.swift; sourceTree = "<group>"; };
		07B617241DAC956A00A5398E /* NewSnapViewController.swift */ = {isa = PBXFileReference; fileEncoding = 4; lastKnownFileType = sourcecode.swift; path = NewSnapViewController.swift; sourceTree = "<group>"; };
		07C13A051DA9EC6900EB1851 /* Constants.swift */ = {isa = PBXFileReference; fileEncoding = 4; lastKnownFileType = sourcecode.swift; path = Constants.swift; sourceTree = "<group>"; };
		07C13A071DA9ECFF00EB1851 /* MainViewController.swift */ = {isa = PBXFileReference; fileEncoding = 4; lastKnownFileType = sourcecode.swift; path = MainViewController.swift; sourceTree = "<group>"; };
		07CBDC6B61274BDC12E94D3D /* Pods-SnapperKeeper.debug.xcconfig */ = {isa = PBXFileReference; includeInIndex = 1; lastKnownFileType = text.xcconfig; name = "Pods-SnapperKeeper.debug.xcconfig"; path = "Pods/Target Support Files/Pods-SnapperKeeper/Pods-SnapperKeeper.debug.xcconfig"; sourceTree = "<group>"; };
		07ECA80D1DAFEE5D00FF8EE5 /* AddSnapViewController.swift */ = {isa = PBXFileReference; fileEncoding = 4; lastKnownFileType = sourcecode.swift; path = AddSnapViewController.swift; sourceTree = "<group>"; };
		07FACC931DAEE62F00A43557 /* Snap.swift */ = {isa = PBXFileReference; fileEncoding = 4; lastKnownFileType = sourcecode.swift; path = Snap.swift; sourceTree = "<group>"; };
		3B9D775B3FC2D342FFB7E59E /* Pods_SnapperKeeper.framework */ = {isa = PBXFileReference; explicitFileType = wrapper.framework; includeInIndex = 0; path = Pods_SnapperKeeper.framework; sourceTree = BUILT_PRODUCTS_DIR; };
		67836D3ED8BDA8F7024592C9 /* Pods-SnapperKeeper.release.xcconfig */ = {isa = PBXFileReference; includeInIndex = 1; lastKnownFileType = text.xcconfig; name = "Pods-SnapperKeeper.release.xcconfig"; path = "Pods/Target Support Files/Pods-SnapperKeeper/Pods-SnapperKeeper.release.xcconfig"; sourceTree = "<group>"; };
/* End PBXFileReference section */

/* Begin PBXFrameworksBuildPhase section */
		07753F681DA8368E00111D52 /* Frameworks */ = {
			isa = PBXFrameworksBuildPhase;
			buildActionMask = 2147483647;
			files = (
				563027488576E975D64AFE80 /* Pods_SnapperKeeper.framework in Frameworks */,
			);
			runOnlyForDeploymentPostprocessing = 0;
		};
/* End PBXFrameworksBuildPhase section */

/* Begin PBXGroup section */
		0122801369940020C5B84C81 /* Pods */ = {
			isa = PBXGroup;
			children = (
				07CBDC6B61274BDC12E94D3D /* Pods-SnapperKeeper.debug.xcconfig */,
				67836D3ED8BDA8F7024592C9 /* Pods-SnapperKeeper.release.xcconfig */,
			);
			name = Pods;
			sourceTree = "<group>";
		};
		070E460F1DA8391C00F4A07B /* View */ = {
			isa = PBXGroup;
			children = (
				07753F721DA8368E00111D52 /* Main.storyboard */,
				07753F771DA8368E00111D52 /* LaunchScreen.storyboard */,
				07B617221DAC8D1300A5398E /* SnapCell.swift */,
			);
			name = View;
			sourceTree = "<group>";
		};
		070E46101DA8393900F4A07B /* Model */ = {
			isa = PBXGroup;
			children = (
				07FACC931DAEE62F00A43557 /* Snap.swift */,
			);
			name = Model;
			sourceTree = "<group>";
		};
		070E46111DA8394200F4A07B /* Controller */ = {
			isa = PBXGroup;
			children = (
				07AD5C981DA890DA00C9A12C /* LoginViewController.swift */,
				07C13A071DA9ECFF00EB1851 /* MainViewController.swift */,
				07B617201DAC856E00A5398E /* ProfileViewController.swift */,
				07B617241DAC956A00A5398E /* NewSnapViewController.swift */,
				07ECA80D1DAFEE5D00FF8EE5 /* AddSnapViewController.swift */,
			);
			name = Controller;
			sourceTree = "<group>";
		};
		070E46121DA8394F00F4A07B /* Support Files */ = {
			isa = PBXGroup;
			children = (
				07753F6E1DA8368E00111D52 /* AppDelegate.swift */,
				07753F7A1DA8368E00111D52 /* Info.plist */,
				07753F801DA836CC00111D52 /* GoogleService-Info.plist */,
			);
			name = "Support Files";
			sourceTree = "<group>";
		};
		07753F621DA8368E00111D52 = {
			isa = PBXGroup;
			children = (
				07753F6D1DA8368E00111D52 /* SnapperKeeper */,
				07753F6C1DA8368E00111D52 /* Products */,
				0122801369940020C5B84C81 /* Pods */,
				DBC191CC919FE29987E75959 /* Frameworks */,
			);
			sourceTree = "<group>";
		};
		07753F6C1DA8368E00111D52 /* Products */ = {
			isa = PBXGroup;
			children = (
				07753F6B1DA8368E00111D52 /* SnapperKeeper.app */,
			);
			name = Products;
			sourceTree = "<group>";
		};
		07753F6D1DA8368E00111D52 /* SnapperKeeper */ = {
			isa = PBXGroup;
			children = (
				07C13A041DA9EC5900EB1851 /* Services */,
				070E46121DA8394F00F4A07B /* Support Files */,
				070E46111DA8394200F4A07B /* Controller */,
				070E46101DA8393900F4A07B /* Model */,
				070E460F1DA8391C00F4A07B /* View */,
				07753F751DA8368E00111D52 /* Assets.xcassets */,
			);
			path = SnapperKeeper;
			sourceTree = "<group>";
		};
		07C13A041DA9EC5900EB1851 /* Services */ = {
			isa = PBXGroup;
			children = (
				07C13A051DA9EC6900EB1851 /* Constants.swift */,
			);
			name = Services;
			sourceTree = "<group>";
		};
		DBC191CC919FE29987E75959 /* Frameworks */ = {
			isa = PBXGroup;
			children = (
				3B9D775B3FC2D342FFB7E59E /* Pods_SnapperKeeper.framework */,
			);
			name = Frameworks;
			sourceTree = "<group>";
		};
/* End PBXGroup section */

/* Begin PBXNativeTarget section */
		07753F6A1DA8368E00111D52 /* SnapperKeeper */ = {
			isa = PBXNativeTarget;
			buildConfigurationList = 07753F7D1DA8368E00111D52 /* Build configuration list for PBXNativeTarget "SnapperKeeper" */;
			buildPhases = (
				299B552D2B86F6625B7107A8 /* [CP] Check Pods Manifest.lock */,
				07753F671DA8368E00111D52 /* Sources */,
				07753F681DA8368E00111D52 /* Frameworks */,
				07753F691DA8368E00111D52 /* Resources */,
				BA0677B50CAB224C40EF9673 /* [CP] Embed Pods Frameworks */,
				A667E78CA389EF1A8D75C42F /* [CP] Copy Pods Resources */,
			);
			buildRules = (
			);
			dependencies = (
			);
			name = SnapperKeeper;
			productName = SnapperKeeper;
			productReference = 07753F6B1DA8368E00111D52 /* SnapperKeeper.app */;
			productType = "com.apple.product-type.application";
		};
/* End PBXNativeTarget section */

/* Begin PBXProject section */
		07753F631DA8368E00111D52 /* Project object */ = {
			isa = PBXProject;
			attributes = {
				LastSwiftUpdateCheck = 0800;
				LastUpgradeCheck = 0800;
				ORGANIZATIONNAME = "Eric Torigian";
				TargetAttributes = {
					07753F6A1DA8368E00111D52 = {
						CreatedOnToolsVersion = 8.0;
						DevelopmentTeam = C57K6822B6;
						ProvisioningStyle = Automatic;
					};
				};
			};
			buildConfigurationList = 07753F661DA8368E00111D52 /* Build configuration list for PBXProject "SnapperKeeper" */;
			compatibilityVersion = "Xcode 3.2";
			developmentRegion = English;
			hasScannedForEncodings = 0;
			knownRegions = (
				en,
				Base,
			);
			mainGroup = 07753F621DA8368E00111D52;
			productRefGroup = 07753F6C1DA8368E00111D52 /* Products */;
			projectDirPath = "";
			projectRoot = "";
			targets = (
				07753F6A1DA8368E00111D52 /* SnapperKeeper */,
			);
		};
/* End PBXProject section */

/* Begin PBXResourcesBuildPhase section */
		07753F691DA8368E00111D52 /* Resources */ = {
			isa = PBXResourcesBuildPhase;
			buildActionMask = 2147483647;
			files = (
				07753F791DA8368E00111D52 /* LaunchScreen.storyboard in Resources */,
				07753F811DA836CC00111D52 /* GoogleService-Info.plist in Resources */,
				07753F761DA8368E00111D52 /* Assets.xcassets in Resources */,
				07753F741DA8368E00111D52 /* Main.storyboard in Resources */,
			);
			runOnlyForDeploymentPostprocessing = 0;
		};
/* End PBXResourcesBuildPhase section */

/* Begin PBXShellScriptBuildPhase section */
		299B552D2B86F6625B7107A8 /* [CP] Check Pods Manifest.lock */ = {
			isa = PBXShellScriptBuildPhase;
			buildActionMask = 2147483647;
			files = (
			);
			inputPaths = (
			);
			name = "[CP] Check Pods Manifest.lock";
			outputPaths = (
			);
			runOnlyForDeploymentPostprocessing = 0;
			shellPath = /bin/sh;
			shellScript = "diff \"${PODS_ROOT}/../Podfile.lock\" \"${PODS_ROOT}/Manifest.lock\" > /dev/null\nif [[ $? != 0 ]] ; then\n    cat << EOM\nerror: The sandbox is not in sync with the Podfile.lock. Run 'pod install' or update your CocoaPods installation.\nEOM\n    exit 1\nfi\n";
			showEnvVarsInLog = 0;
		};
		A667E78CA389EF1A8D75C42F /* [CP] Copy Pods Resources */ = {
			isa = PBXShellScriptBuildPhase;
			buildActionMask = 2147483647;
			files = (
			);
			inputPaths = (
			);
			name = "[CP] Copy Pods Resources";
			outputPaths = (
			);
			runOnlyForDeploymentPostprocessing = 0;
			shellPath = /bin/sh;
			shellScript = "\"${SRCROOT}/Pods/Target Support Files/Pods-SnapperKeeper/Pods-SnapperKeeper-resources.sh\"\n";
			showEnvVarsInLog = 0;
		};
		BA0677B50CAB224C40EF9673 /* [CP] Embed Pods Frameworks */ = {
			isa = PBXShellScriptBuildPhase;
			buildActionMask = 2147483647;
			files = (
			);
			inputPaths = (
			);
			name = "[CP] Embed Pods Frameworks";
			outputPaths = (
			);
			runOnlyForDeploymentPostprocessing = 0;
			shellPath = /bin/sh;
			shellScript = "\"${SRCROOT}/Pods/Target Support Files/Pods-SnapperKeeper/Pods-SnapperKeeper-frameworks.sh\"\n";
			showEnvVarsInLog = 0;
		};
/* End PBXShellScriptBuildPhase section */

/* Begin PBXSourcesBuildPhase section */
		07753F671DA8368E00111D52 /* Sources */ = {
			isa = PBXSourcesBuildPhase;
			buildActionMask = 2147483647;
			files = (
				07AD5C991DA890DA00C9A12C /* LoginViewController.swift in Sources */,
				07753F6F1DA8368E00111D52 /* AppDelegate.swift in Sources */,
				07ECA80E1DAFEE5D00FF8EE5 /* AddSnapViewController.swift in Sources */,
				07B617211DAC856E00A5398E /* ProfileViewController.swift in Sources */,
				07B617231DAC8D1300A5398E /* SnapCell.swift in Sources */,
				07C13A061DA9EC6900EB1851 /* Constants.swift in Sources */,
				07C13A081DA9ECFF00EB1851 /* MainViewController.swift in Sources */,
				07B617251DAC956A00A5398E /* NewSnapViewController.swift in Sources */,
				07FACC941DAEE62F00A43557 /* Snap.swift in Sources */,
			);
			runOnlyForDeploymentPostprocessing = 0;
		};
/* End PBXSourcesBuildPhase section */

/* Begin PBXVariantGroup section */
		07753F721DA8368E00111D52 /* Main.storyboard */ = {
			isa = PBXVariantGroup;
			children = (
				07753F731DA8368E00111D52 /* Base */,
			);
			name = Main.storyboard;
			sourceTree = "<group>";
		};
		07753F771DA8368E00111D52 /* LaunchScreen.storyboard */ = {
			isa = PBXVariantGroup;
			children = (
				07753F781DA8368E00111D52 /* Base */,
			);
			name = LaunchScreen.storyboard;
			sourceTree = "<group>";
		};
/* End PBXVariantGroup section */

/* Begin XCBuildConfiguration section */
		07753F7B1DA8368E00111D52 /* Debug */ = {
			isa = XCBuildConfiguration;
			buildSettings = {
				ALWAYS_SEARCH_USER_PATHS = NO;
				CLANG_ANALYZER_NONNULL = YES;
				CLANG_CXX_LANGUAGE_STANDARD = "gnu++0x";
				CLANG_CXX_LIBRARY = "libc++";
				CLANG_ENABLE_MODULES = YES;
				CLANG_ENABLE_OBJC_ARC = YES;
				CLANG_WARN_BOOL_CONVERSION = YES;
				CLANG_WARN_CONSTANT_CONVERSION = YES;
				CLANG_WARN_DIRECT_OBJC_ISA_USAGE = YES_ERROR;
				CLANG_WARN_DOCUMENTATION_COMMENTS = YES;
				CLANG_WARN_EMPTY_BODY = YES;
				CLANG_WARN_ENUM_CONVERSION = YES;
				CLANG_WARN_INFINITE_RECURSION = YES;
				CLANG_WARN_INT_CONVERSION = YES;
				CLANG_WARN_OBJC_ROOT_CLASS = YES_ERROR;
				CLANG_WARN_SUSPICIOUS_MOVE = YES;
				CLANG_WARN_SUSPICIOUS_MOVES = YES;
				CLANG_WARN_UNREACHABLE_CODE = YES;
				CLANG_WARN__DUPLICATE_METHOD_MATCH = YES;
				"CODE_SIGN_IDENTITY[sdk=iphoneos*]" = "iPhone Developer";
				COPY_PHASE_STRIP = NO;
				DEBUG_INFORMATION_FORMAT = dwarf;
				ENABLE_STRICT_OBJC_MSGSEND = YES;
				ENABLE_TESTABILITY = YES;
				GCC_C_LANGUAGE_STANDARD = gnu99;
				GCC_DYNAMIC_NO_PIC = NO;
				GCC_NO_COMMON_BLOCKS = YES;
				GCC_OPTIMIZATION_LEVEL = 0;
				GCC_PREPROCESSOR_DEFINITIONS = (
					"DEBUG=1",
					"$(inherited)",
				);
				GCC_WARN_64_TO_32_BIT_CONVERSION = YES;
				GCC_WARN_ABOUT_RETURN_TYPE = YES_ERROR;
				GCC_WARN_UNDECLARED_SELECTOR = YES;
				GCC_WARN_UNINITIALIZED_AUTOS = YES_AGGRESSIVE;
				GCC_WARN_UNUSED_FUNCTION = YES;
				GCC_WARN_UNUSED_VARIABLE = YES;
				IPHONEOS_DEPLOYMENT_TARGET = 10.0;
				MTL_ENABLE_DEBUG_INFO = YES;
				ONLY_ACTIVE_ARCH = YES;
				SDKROOT = iphoneos;
				SWIFT_ACTIVE_COMPILATION_CONDITIONS = DEBUG;
				SWIFT_OPTIMIZATION_LEVEL = "-Onone";
				TARGETED_DEVICE_FAMILY = "1,2";
			};
			name = Debug;
		};
		07753F7C1DA8368E00111D52 /* Release */ = {
			isa = XCBuildConfiguration;
			buildSettings = {
				ALWAYS_SEARCH_USER_PATHS = NO;
				CLANG_ANALYZER_NONNULL = YES;
				CLANG_CXX_LANGUAGE_STANDARD = "gnu++0x";
				CLANG_CXX_LIBRARY = "libc++";
				CLANG_ENABLE_MODULES = YES;
				CLANG_ENABLE_OBJC_ARC = YES;
				CLANG_WARN_BOOL_CONVERSION = YES;
				CLANG_WARN_CONSTANT_CONVERSION = YES;
				CLANG_WARN_DIRECT_OBJC_ISA_USAGE = YES_ERROR;
				CLANG_WARN_DOCUMENTATION_COMMENTS = YES;
				CLANG_WARN_EMPTY_BODY = YES;
				CLANG_WARN_ENUM_CONVERSION = YES;
				CLANG_WARN_INFINITE_RECURSION = YES;
				CLANG_WARN_INT_CONVERSION = YES;
				CLANG_WARN_OBJC_ROOT_CLASS = YES_ERROR;
				CLANG_WARN_SUSPICIOUS_MOVE = YES;
				CLANG_WARN_SUSPICIOUS_MOVES = YES;
				CLANG_WARN_UNREACHABLE_CODE = YES;
				CLANG_WARN__DUPLICATE_METHOD_MATCH = YES;
				"CODE_SIGN_IDENTITY[sdk=iphoneos*]" = "iPhone Developer";
				COPY_PHASE_STRIP = NO;
				DEBUG_INFORMATION_FORMAT = "dwarf-with-dsym";
				ENABLE_NS_ASSERTIONS = NO;
				ENABLE_STRICT_OBJC_MSGSEND = YES;
				GCC_C_LANGUAGE_STANDARD = gnu99;
				GCC_NO_COMMON_BLOCKS = YES;
				GCC_WARN_64_TO_32_BIT_CONVERSION = YES;
				GCC_WARN_ABOUT_RETURN_TYPE = YES_ERROR;
				GCC_WARN_UNDECLARED_SELECTOR = YES;
				GCC_WARN_UNINITIALIZED_AUTOS = YES_AGGRESSIVE;
				GCC_WARN_UNUSED_FUNCTION = YES;
				GCC_WARN_UNUSED_VARIABLE = YES;
				IPHONEOS_DEPLOYMENT_TARGET = 10.0;
				MTL_ENABLE_DEBUG_INFO = NO;
				SDKROOT = iphoneos;
				SWIFT_OPTIMIZATION_LEVEL = "-Owholemodule";
				TARGETED_DEVICE_FAMILY = "1,2";
				VALIDATE_PRODUCT = YES;
			};
			name = Release;
		};
		07753F7E1DA8368E00111D52 /* Debug */ = {
			isa = XCBuildConfiguration;
			baseConfigurationReference = 07CBDC6B61274BDC12E94D3D /* Pods-SnapperKeeper.debug.xcconfig */;
			buildSettings = {
				ASSETCATALOG_COMPILER_APPICON_NAME = AppIcon;
				DEVELOPMENT_TEAM = C57K6822B6;
				INFOPLIST_FILE = SnapperKeeper/Info.plist;
				LD_RUNPATH_SEARCH_PATHS = "$(inherited) @executable_path/Frameworks";
				PRODUCT_BUNDLE_IDENTIFIER = com.torigian.SnapperKeeper;
				PRODUCT_NAME = "$(TARGET_NAME)";
				SWIFT_VERSION = 3.0;
			};
			name = Debug;
		};
		07753F7F1DA8368E00111D52 /* Release */ = {
			isa = XCBuildConfiguration;
			baseConfigurationReference = 67836D3ED8BDA8F7024592C9 /* Pods-SnapperKeeper.release.xcconfig */;
			buildSettings = {
				ASSETCATALOG_COMPILER_APPICON_NAME = AppIcon;
				DEVELOPMENT_TEAM = C57K6822B6;
				INFOPLIST_FILE = SnapperKeeper/Info.plist;
				LD_RUNPATH_SEARCH_PATHS = "$(inherited) @executable_path/Frameworks";
				PRODUCT_BUNDLE_IDENTIFIER = com.torigian.SnapperKeeper;
				PRODUCT_NAME = "$(TARGET_NAME)";
				SWIFT_VERSION = 3.0;
			};
			name = Release;
		};
/* End XCBuildConfiguration section */

/* Begin XCConfigurationList section */
		07753F661DA8368E00111D52 /* Build configuration list for PBXProject "SnapperKeeper" */ = {
			isa = XCConfigurationList;
			buildConfigurations = (
				07753F7B1DA8368E00111D52 /* Debug */,
				07753F7C1DA8368E00111D52 /* Release */,
			);
			defaultConfigurationIsVisible = 0;
			defaultConfigurationName = Release;
		};
		07753F7D1DA8368E00111D52 /* Build configuration list for PBXNativeTarget "SnapperKeeper" */ = {
			isa = XCConfigurationList;
			buildConfigurations = (
				07753F7E1DA8368E00111D52 /* Debug */,
				07753F7F1DA8368E00111D52 /* Release */,
			);
			defaultConfigurationIsVisible = 0;
			defaultConfigurationName = Release;
		};
/* End XCConfigurationList section */
	};
	rootObject = 07753F631DA8368E00111D52 /* Project object */;
}
